// !$*UTF8*$!
{
	archiveVersion = 1;
	classes = {
	};
	objectVersion = 46;
	objects = {

/* Begin PBXBuildFile section */
		89635FE61CEED880004106F1 /* NSString+StringValidator.m in Sources */ = {isa = PBXBuildFile; fileRef = 89635FE51CEED880004106F1 /* NSString+StringValidator.m */; };
		89635FE81CEEDDBF004106F1 /* StringTests.m in Sources */ = {isa = PBXBuildFile; fileRef = 89635FE71CEEDDBF004106F1 /* StringTests.m */; };
		89B5BE3B1CD35DB9001941B2 /* main.m in Sources */ = {isa = PBXBuildFile; fileRef = 89B5BE3A1CD35DB9001941B2 /* main.m */; };
		89B5BE3E1CD35DB9001941B2 /* AppDelegate.m in Sources */ = {isa = PBXBuildFile; fileRef = 89B5BE3D1CD35DB9001941B2 /* AppDelegate.m */; };
		89B5BE411CD35DB9001941B2 /* ViewController.m in Sources */ = {isa = PBXBuildFile; fileRef = 89B5BE401CD35DB9001941B2 /* ViewController.m */; };
		89B5BE441CD35DB9001941B2 /* Main.storyboard in Resources */ = {isa = PBXBuildFile; fileRef = 89B5BE421CD35DB9001941B2 /* Main.storyboard */; };
		89B5BE461CD35DB9001941B2 /* Assets.xcassets in Resources */ = {isa = PBXBuildFile; fileRef = 89B5BE451CD35DB9001941B2 /* Assets.xcassets */; };
		89B5BE491CD35DB9001941B2 /* LaunchScreen.storyboard in Resources */ = {isa = PBXBuildFile; fileRef = 89B5BE471CD35DB9001941B2 /* LaunchScreen.storyboard */; };
		89B5BE541CD35DB9001941B2 /* ExampleTests.m in Sources */ = {isa = PBXBuildFile; fileRef = 89B5BE531CD35DB9001941B2 /* ExampleTests.m */; };
		89B5BE5F1CD35DB9001941B2 /* ExampleUITests.m in Sources */ = {isa = PBXBuildFile; fileRef = 89B5BE5E1CD35DB9001941B2 /* ExampleUITests.m */; };
		89BABE7F1CD88BD5000195D4 /* JKFileCache.m in Sources */ = {isa = PBXBuildFile; fileRef = 89BABE7E1CD88BD5000195D4 /* JKFileCache.m */; };
		89BABE8B1CD9C968000195D4 /* LLJConst.m in Sources */ = {isa = PBXBuildFile; fileRef = 89BABE8A1CD9C968000195D4 /* LLJConst.m */; };
/* End PBXBuildFile section */

/* Begin PBXContainerItemProxy section */
		89B5BE501CD35DB9001941B2 /* PBXContainerItemProxy */ = {
			isa = PBXContainerItemProxy;
			containerPortal = 89B5BE2E1CD35DB9001941B2 /* Project object */;
			proxyType = 1;
			remoteGlobalIDString = 89B5BE351CD35DB9001941B2;
			remoteInfo = Example;
		};
		89B5BE5B1CD35DB9001941B2 /* PBXContainerItemProxy */ = {
			isa = PBXContainerItemProxy;
			containerPortal = 89B5BE2E1CD35DB9001941B2 /* Project object */;
			proxyType = 1;
			remoteGlobalIDString = 89B5BE351CD35DB9001941B2;
			remoteInfo = Example;
		};
/* End PBXContainerItemProxy section */

/* Begin PBXFileReference section */
		89635FE41CEED880004106F1 /* NSString+StringValidator.h */ = {isa = PBXFileReference; fileEncoding = 4; lastKnownFileType = sourcecode.c.h; path = "NSString+StringValidator.h"; sourceTree = "<group>"; };
		89635FE51CEED880004106F1 /* NSString+StringValidator.m */ = {isa = PBXFileReference; fileEncoding = 4; lastKnownFileType = sourcecode.c.objc; path = "NSString+StringValidator.m"; sourceTree = "<group>"; };
		89635FE71CEEDDBF004106F1 /* StringTests.m */ = {isa = PBXFileReference; fileEncoding = 4; lastKnownFileType = sourcecode.c.objc; path = StringTests.m; sourceTree = "<group>"; };
		89B5BE361CD35DB9001941B2 /* Example.app */ = {isa = PBXFileReference; explicitFileType = wrapper.application; includeInIndex = 0; path = Example.app; sourceTree = BUILT_PRODUCTS_DIR; };
		89B5BE3A1CD35DB9001941B2 /* main.m */ = {isa = PBXFileReference; lastKnownFileType = sourcecode.c.objc; path = main.m; sourceTree = "<group>"; };
		89B5BE3C1CD35DB9001941B2 /* AppDelegate.h */ = {isa = PBXFileReference; lastKnownFileType = sourcecode.c.h; path = AppDelegate.h; sourceTree = "<group>"; };
		89B5BE3D1CD35DB9001941B2 /* AppDelegate.m */ = {isa = PBXFileReference; lastKnownFileType = sourcecode.c.objc; path = AppDelegate.m; sourceTree = "<group>"; };
		89B5BE3F1CD35DB9001941B2 /* ViewController.h */ = {isa = PBXFileReference; lastKnownFileType = sourcecode.c.h; path = ViewController.h; sourceTree = "<group>"; };
		89B5BE401CD35DB9001941B2 /* ViewController.m */ = {isa = PBXFileReference; lastKnownFileType = sourcecode.c.objc; path = ViewController.m; sourceTree = "<group>"; };
		89B5BE431CD35DB9001941B2 /* Base */ = {isa = PBXFileReference; lastKnownFileType = file.storyboard; name = Base; path = Base.lproj/Main.storyboard; sourceTree = "<group>"; };
		89B5BE451CD35DB9001941B2 /* Assets.xcassets */ = {isa = PBXFileReference; lastKnownFileType = folder.assetcatalog; path = Assets.xcassets; sourceTree = "<group>"; };
		89B5BE481CD35DB9001941B2 /* Base */ = {isa = PBXFileReference; lastKnownFileType = file.storyboard; name = Base; path = Base.lproj/LaunchScreen.storyboard; sourceTree = "<group>"; };
		89B5BE4A1CD35DB9001941B2 /* Info.plist */ = {isa = PBXFileReference; lastKnownFileType = text.plist.xml; path = Info.plist; sourceTree = "<group>"; };
		89B5BE4F1CD35DB9001941B2 /* ExampleTests.xctest */ = {isa = PBXFileReference; explicitFileType = wrapper.cfbundle; includeInIndex = 0; path = ExampleTests.xctest; sourceTree = BUILT_PRODUCTS_DIR; };
		89B5BE531CD35DB9001941B2 /* ExampleTests.m */ = {isa = PBXFileReference; lastKnownFileType = sourcecode.c.objc; path = ExampleTests.m; sourceTree = "<group>"; };
		89B5BE551CD35DB9001941B2 /* Info.plist */ = {isa = PBXFileReference; lastKnownFileType = text.plist.xml; path = Info.plist; sourceTree = "<group>"; };
		89B5BE5A1CD35DB9001941B2 /* ExampleUITests.xctest */ = {isa = PBXFileReference; explicitFileType = wrapper.cfbundle; includeInIndex = 0; path = ExampleUITests.xctest; sourceTree = BUILT_PRODUCTS_DIR; };
		89B5BE5E1CD35DB9001941B2 /* ExampleUITests.m */ = {isa = PBXFileReference; lastKnownFileType = sourcecode.c.objc; path = ExampleUITests.m; sourceTree = "<group>"; };
		89B5BE601CD35DB9001941B2 /* Info.plist */ = {isa = PBXFileReference; lastKnownFileType = text.plist.xml; path = Info.plist; sourceTree = "<group>"; };
		89BABE791CD88A7E000195D4 /* LLJKit.h */ = {isa = PBXFileReference; lastKnownFileType = sourcecode.c.h; path = LLJKit.h; sourceTree = "<group>"; };
		89BABE7B1CD88BD5000195D4 /* JKCacheProtocol.h */ = {isa = PBXFileReference; fileEncoding = 4; lastKnownFileType = sourcecode.c.h; path = JKCacheProtocol.h; sourceTree = "<group>"; };
		89BABE7C1CD88BD5000195D4 /* JKCaches.h */ = {isa = PBXFileReference; fileEncoding = 4; lastKnownFileType = sourcecode.c.h; path = JKCaches.h; sourceTree = "<group>"; };
		89BABE7D1CD88BD5000195D4 /* JKFileCache.h */ = {isa = PBXFileReference; fileEncoding = 4; lastKnownFileType = sourcecode.c.h; path = JKFileCache.h; sourceTree = "<group>"; };
		89BABE7E1CD88BD5000195D4 /* JKFileCache.m */ = {isa = PBXFileReference; fileEncoding = 4; lastKnownFileType = sourcecode.c.objc; path = JKFileCache.m; sourceTree = "<group>"; };
		89BABE831CD890D5000195D4 /* LLJ.pch */ = {isa = PBXFileReference; lastKnownFileType = sourcecode.c.h; path = LLJ.pch; sourceTree = "<group>"; };
		89BABE861CD89683000195D4 /* LLJMacro.h */ = {isa = PBXFileReference; fileEncoding = 4; lastKnownFileType = sourcecode.c.h; path = LLJMacro.h; sourceTree = "<group>"; };
		89BABE891CD9C968000195D4 /* LLJConst.h */ = {isa = PBXFileReference; fileEncoding = 4; lastKnownFileType = sourcecode.c.h; path = LLJConst.h; sourceTree = "<group>"; };
		89BABE8A1CD9C968000195D4 /* LLJConst.m */ = {isa = PBXFileReference; fileEncoding = 4; lastKnownFileType = sourcecode.c.objc; path = LLJConst.m; sourceTree = "<group>"; };
/* End PBXFileReference section */

/* Begin PBXFrameworksBuildPhase section */
		89B5BE331CD35DB9001941B2 /* Frameworks */ = {
			isa = PBXFrameworksBuildPhase;
			buildActionMask = 2147483647;
			files = (
			);
			runOnlyForDeploymentPostprocessing = 0;
		};
		89B5BE4C1CD35DB9001941B2 /* Frameworks */ = {
			isa = PBXFrameworksBuildPhase;
			buildActionMask = 2147483647;
			files = (
			);
			runOnlyForDeploymentPostprocessing = 0;
		};
		89B5BE571CD35DB9001941B2 /* Frameworks */ = {
			isa = PBXFrameworksBuildPhase;
			buildActionMask = 2147483647;
			files = (
			);
			runOnlyForDeploymentPostprocessing = 0;
		};
/* End PBXFrameworksBuildPhase section */

/* Begin PBXGroup section */
		89635FE21CEED6EB004106F1 /* Foundation */ = {
			isa = PBXGroup;
			children = (
				89635FE31CEED72A004106F1 /* NSString */,
			);
			path = Foundation;
			sourceTree = "<group>";
		};
		89635FE31CEED72A004106F1 /* NSString */ = {
			isa = PBXGroup;
			children = (
				89635FE41CEED880004106F1 /* NSString+StringValidator.h */,
				89635FE51CEED880004106F1 /* NSString+StringValidator.m */,
			);
			path = NSString;
			sourceTree = "<group>";
		};
		89B5BE2D1CD35DB9001941B2 = {
			isa = PBXGroup;
			children = (
				89B5BE381CD35DB9001941B2 /* Example */,
				89B5BE521CD35DB9001941B2 /* ExampleTests */,
				89B5BE5D1CD35DB9001941B2 /* ExampleUITests */,
				89B5BE371CD35DB9001941B2 /* Products */,
			);
			sourceTree = "<group>";
		};
		89B5BE371CD35DB9001941B2 /* Products */ = {
			isa = PBXGroup;
			children = (
				89B5BE361CD35DB9001941B2 /* Example.app */,
				89B5BE4F1CD35DB9001941B2 /* ExampleTests.xctest */,
				89B5BE5A1CD35DB9001941B2 /* ExampleUITests.xctest */,
			);
			name = Products;
			sourceTree = "<group>";
		};
		89B5BE381CD35DB9001941B2 /* Example */ = {
			isa = PBXGroup;
			children = (
				89B5BE6C1CD35E07001941B2 /* Classes */,
				89B5BE3C1CD35DB9001941B2 /* AppDelegate.h */,
				89B5BE3D1CD35DB9001941B2 /* AppDelegate.m */,
				89B5BE3F1CD35DB9001941B2 /* ViewController.h */,
				89B5BE401CD35DB9001941B2 /* ViewController.m */,
				89B5BE421CD35DB9001941B2 /* Main.storyboard */,
				89B5BE451CD35DB9001941B2 /* Assets.xcassets */,
				89B5BE471CD35DB9001941B2 /* LaunchScreen.storyboard */,
				89B5BE4A1CD35DB9001941B2 /* Info.plist */,
				89B5BE391CD35DB9001941B2 /* Supporting Files */,
			);
			path = Example;
			sourceTree = "<group>";
		};
		89B5BE391CD35DB9001941B2 /* Supporting Files */ = {
			isa = PBXGroup;
			children = (
				89B5BE3A1CD35DB9001941B2 /* main.m */,
				89BABE831CD890D5000195D4 /* LLJ.pch */,
			);
			name = "Supporting Files";
			sourceTree = "<group>";
		};
		89B5BE521CD35DB9001941B2 /* ExampleTests */ = {
			isa = PBXGroup;
			children = (
				89B5BE531CD35DB9001941B2 /* ExampleTests.m */,
				89635FE71CEEDDBF004106F1 /* StringTests.m */,
				89B5BE551CD35DB9001941B2 /* Info.plist */,
			);
			path = ExampleTests;
			sourceTree = "<group>";
		};
		89B5BE5D1CD35DB9001941B2 /* ExampleUITests */ = {
			isa = PBXGroup;
			children = (
				89B5BE5E1CD35DB9001941B2 /* ExampleUITests.m */,
				89B5BE601CD35DB9001941B2 /* Info.plist */,
			);
			path = ExampleUITests;
			sourceTree = "<group>";
		};
		89B5BE6C1CD35E07001941B2 /* Classes */ = {
			isa = PBXGroup;
			children = (
				89BABE881CD9C896000195D4 /* Const */,
				89BABE871CD89691000195D4 /* Category */,
				89BABE851CD89683000195D4 /* Macro */,
				89BABE7A1CD88BD5000195D4 /* Caches */,
				89BABE791CD88A7E000195D4 /* LLJKit.h */,
			);
			name = Classes;
			path = ../../Classes;
			sourceTree = "<group>";
		};
		89BABE7A1CD88BD5000195D4 /* Caches */ = {
			isa = PBXGroup;
			children = (
				89BABE7B1CD88BD5000195D4 /* JKCacheProtocol.h */,
				89BABE7C1CD88BD5000195D4 /* JKCaches.h */,
				89BABE7D1CD88BD5000195D4 /* JKFileCache.h */,
				89BABE7E1CD88BD5000195D4 /* JKFileCache.m */,
			);
			path = Caches;
			sourceTree = "<group>";
		};
		89BABE851CD89683000195D4 /* Macro */ = {
			isa = PBXGroup;
			children = (
				89BABE861CD89683000195D4 /* LLJMacro.h */,
			);
			path = Macro;
			sourceTree = "<group>";
		};
		89BABE871CD89691000195D4 /* Category */ = {
			isa = PBXGroup;
			children = (
				89635FE21CEED6EB004106F1 /* Foundation */,
			);
			path = Category;
			sourceTree = "<group>";
		};
		89BABE881CD9C896000195D4 /* Const */ = {
			isa = PBXGroup;
			children = (
				89BABE891CD9C968000195D4 /* LLJConst.h */,
				89BABE8A1CD9C968000195D4 /* LLJConst.m */,
			);
			path = Const;
			sourceTree = "<group>";
		};
/* End PBXGroup section */

/* Begin PBXNativeTarget section */
		89B5BE351CD35DB9001941B2 /* Example */ = {
			isa = PBXNativeTarget;
			buildConfigurationList = 89B5BE631CD35DB9001941B2 /* Build configuration list for PBXNativeTarget "Example" */;
			buildPhases = (
				89B5BE321CD35DB9001941B2 /* Sources */,
				89B5BE331CD35DB9001941B2 /* Frameworks */,
				89B5BE341CD35DB9001941B2 /* Resources */,
			);
			buildRules = (
			);
			dependencies = (
			);
			name = Example;
			productName = Example;
			productReference = 89B5BE361CD35DB9001941B2 /* Example.app */;
			productType = "com.apple.product-type.application";
		};
		89B5BE4E1CD35DB9001941B2 /* ExampleTests */ = {
			isa = PBXNativeTarget;
			buildConfigurationList = 89B5BE661CD35DB9001941B2 /* Build configuration list for PBXNativeTarget "ExampleTests" */;
			buildPhases = (
				89B5BE4B1CD35DB9001941B2 /* Sources */,
				89B5BE4C1CD35DB9001941B2 /* Frameworks */,
				89B5BE4D1CD35DB9001941B2 /* Resources */,
			);
			buildRules = (
			);
			dependencies = (
				89B5BE511CD35DB9001941B2 /* PBXTargetDependency */,
			);
			name = ExampleTests;
			productName = ExampleTests;
			productReference = 89B5BE4F1CD35DB9001941B2 /* ExampleTests.xctest */;
			productType = "com.apple.product-type.bundle.unit-test";
		};
		89B5BE591CD35DB9001941B2 /* ExampleUITests */ = {
			isa = PBXNativeTarget;
			buildConfigurationList = 89B5BE691CD35DB9001941B2 /* Build configuration list for PBXNativeTarget "ExampleUITests" */;
			buildPhases = (
				89B5BE561CD35DB9001941B2 /* Sources */,
				89B5BE571CD35DB9001941B2 /* Frameworks */,
				89B5BE581CD35DB9001941B2 /* Resources */,
			);
			buildRules = (
			);
			dependencies = (
				89B5BE5C1CD35DB9001941B2 /* PBXTargetDependency */,
			);
			name = ExampleUITests;
			productName = ExampleUITests;
			productReference = 89B5BE5A1CD35DB9001941B2 /* ExampleUITests.xctest */;
			productType = "com.apple.product-type.bundle.ui-testing";
		};
/* End PBXNativeTarget section */

/* Begin PBXProject section */
		89B5BE2E1CD35DB9001941B2 /* Project object */ = {
			isa = PBXProject;
			attributes = {
				LastUpgradeCheck = 0730;
				ORGANIZATIONNAME = JKSoft;
				TargetAttributes = {
					89B5BE351CD35DB9001941B2 = {
						CreatedOnToolsVersion = 7.3;
					};
					89B5BE4E1CD35DB9001941B2 = {
						CreatedOnToolsVersion = 7.3;
						TestTargetID = 89B5BE351CD35DB9001941B2;
					};
					89B5BE591CD35DB9001941B2 = {
						CreatedOnToolsVersion = 7.3;
						TestTargetID = 89B5BE351CD35DB9001941B2;
					};
				};
			};
			buildConfigurationList = 89B5BE311CD35DB9001941B2 /* Build configuration list for PBXProject "Example" */;
			compatibilityVersion = "Xcode 3.2";
			developmentRegion = English;
			hasScannedForEncodings = 0;
			knownRegions = (
				en,
				Base,
			);
			mainGroup = 89B5BE2D1CD35DB9001941B2;
			productRefGroup = 89B5BE371CD35DB9001941B2 /* Products */;
			projectDirPath = "";
			projectRoot = "";
			targets = (
				89B5BE351CD35DB9001941B2 /* Example */,
				89B5BE4E1CD35DB9001941B2 /* ExampleTests */,
				89B5BE591CD35DB9001941B2 /* ExampleUITests */,
			);
		};
/* End PBXProject section */

/* Begin PBXResourcesBuildPhase section */
		89B5BE341CD35DB9001941B2 /* Resources */ = {
			isa = PBXResourcesBuildPhase;
			buildActionMask = 2147483647;
			files = (
				89B5BE491CD35DB9001941B2 /* LaunchScreen.storyboard in Resources */,
				89B5BE461CD35DB9001941B2 /* Assets.xcassets in Resources */,
				89B5BE441CD35DB9001941B2 /* Main.storyboard in Resources */,
			);
			runOnlyForDeploymentPostprocessing = 0;
		};
		89B5BE4D1CD35DB9001941B2 /* Resources */ = {
			isa = PBXResourcesBuildPhase;
			buildActionMask = 2147483647;
			files = (
			);
			runOnlyForDeploymentPostprocessing = 0;
		};
		89B5BE581CD35DB9001941B2 /* Resources */ = {
			isa = PBXResourcesBuildPhase;
			buildActionMask = 2147483647;
			files = (
			);
			runOnlyForDeploymentPostprocessing = 0;
		};
/* End PBXResourcesBuildPhase section */

/* Begin PBXSourcesBuildPhase section */
		89B5BE321CD35DB9001941B2 /* Sources */ = {
			isa = PBXSourcesBuildPhase;
			buildActionMask = 2147483647;
			files = (
				89B5BE411CD35DB9001941B2 /* ViewController.m in Sources */,
				89BABE8B1CD9C968000195D4 /* LLJConst.m in Sources */,
				89B5BE3E1CD35DB9001941B2 /* AppDelegate.m in Sources */,
				89635FE61CEED880004106F1 /* NSString+StringValidator.m in Sources */,
				89B5BE3B1CD35DB9001941B2 /* main.m in Sources */,
				89BABE7F1CD88BD5000195D4 /* JKFileCache.m in Sources */,
			);
			runOnlyForDeploymentPostprocessing = 0;
		};
		89B5BE4B1CD35DB9001941B2 /* Sources */ = {
			isa = PBXSourcesBuildPhase;
			buildActionMask = 2147483647;
			files = (
				89635FE81CEEDDBF004106F1 /* StringTests.m in Sources */,
				89B5BE541CD35DB9001941B2 /* ExampleTests.m in Sources */,
			);
			runOnlyForDeploymentPostprocessing = 0;
		};
		89B5BE561CD35DB9001941B2 /* Sources */ = {
			isa = PBXSourcesBuildPhase;
			buildActionMask = 2147483647;
			files = (
				89B5BE5F1CD35DB9001941B2 /* ExampleUITests.m in Sources */,
			);
			runOnlyForDeploymentPostprocessing = 0;
		};
/* End PBXSourcesBuildPhase section */

/* Begin PBXTargetDependency section */
		89B5BE511CD35DB9001941B2 /* PBXTargetDependency */ = {
			isa = PBXTargetDependency;
			target = 89B5BE351CD35DB9001941B2 /* Example */;
			targetProxy = 89B5BE501CD35DB9001941B2 /* PBXContainerItemProxy */;
		};
		89B5BE5C1CD35DB9001941B2 /* PBXTargetDependency */ = {
			isa = PBXTargetDependency;
			target = 89B5BE351CD35DB9001941B2 /* Example */;
			targetProxy = 89B5BE5B1CD35DB9001941B2 /* PBXContainerItemProxy */;
		};
/* End PBXTargetDependency section */

/* Begin PBXVariantGroup section */
		89B5BE421CD35DB9001941B2 /* Main.storyboard */ = {
			isa = PBXVariantGroup;
			children = (
				89B5BE431CD35DB9001941B2 /* Base */,
			);
			name = Main.storyboard;
			sourceTree = "<group>";
		};
		89B5BE471CD35DB9001941B2 /* LaunchScreen.storyboard */ = {
			isa = PBXVariantGroup;
			children = (
				89B5BE481CD35DB9001941B2 /* Base */,
			);
			name = LaunchScreen.storyboard;
			sourceTree = "<group>";
		};
/* End PBXVariantGroup section */

/* Begin XCBuildConfiguration section */
		89B5BE611CD35DB9001941B2 /* Debug */ = {
			isa = XCBuildConfiguration;
			buildSettings = {
				ALWAYS_SEARCH_USER_PATHS = NO;
				CLANG_ANALYZER_NONNULL = YES;
				CLANG_CXX_LANGUAGE_STANDARD = "gnu++0x";
				CLANG_CXX_LIBRARY = "libc++";
				CLANG_ENABLE_MODULES = YES;
				CLANG_ENABLE_OBJC_ARC = YES;
				CLANG_WARN_BOOL_CONVERSION = YES;
				CLANG_WARN_CONSTANT_CONVERSION = YES;
				CLANG_WARN_DIRECT_OBJC_ISA_USAGE = YES_ERROR;
				CLANG_WARN_EMPTY_BODY = YES;
				CLANG_WARN_ENUM_CONVERSION = YES;
				CLANG_WARN_INT_CONVERSION = YES;
				CLANG_WARN_OBJC_ROOT_CLASS = YES_ERROR;
				CLANG_WARN_UNREACHABLE_CODE = YES;
				CLANG_WARN__DUPLICATE_METHOD_MATCH = YES;
				"CODE_SIGN_IDENTITY[sdk=iphoneos*]" = "iPhone Developer";
				COPY_PHASE_STRIP = NO;
				DEBUG_INFORMATION_FORMAT = dwarf;
				ENABLE_STRICT_OBJC_MSGSEND = YES;
				ENABLE_TESTABILITY = YES;
				GCC_C_LANGUAGE_STANDARD = gnu99;
				GCC_DYNAMIC_NO_PIC = NO;
				GCC_NO_COMMON_BLOCKS = YES;
				GCC_OPTIMIZATION_LEVEL = 0;
				GCC_PREPROCESSOR_DEFINITIONS = (
					"DEBUG=1",
					"$(inherited)",
				);
				GCC_WARN_64_TO_32_BIT_CONVERSION = YES;
				GCC_WARN_ABOUT_RETURN_TYPE = YES_ERROR;
				GCC_WARN_UNDECLARED_SELECTOR = YES;
				GCC_WARN_UNINITIALIZED_AUTOS = YES_AGGRESSIVE;
				GCC_WARN_UNUSED_FUNCTION = YES;
				GCC_WARN_UNUSED_VARIABLE = YES;
				IPHONEOS_DEPLOYMENT_TARGET = 9.3;
				MTL_ENABLE_DEBUG_INFO = YES;
				ONLY_ACTIVE_ARCH = YES;
				SDKROOT = iphoneos;
			};
			name = Debug;
		};
		89B5BE621CD35DB9001941B2 /* Release */ = {
			isa = XCBuildConfiguration;
			buildSettings = {
				ALWAYS_SEARCH_USER_PATHS = NO;
				CLANG_ANALYZER_NONNULL = YES;
				CLANG_CXX_LANGUAGE_STANDARD = "gnu++0x";
				CLANG_CXX_LIBRARY = "libc++";
				CLANG_ENABLE_MODULES = YES;
				CLANG_ENABLE_OBJC_ARC = YES;
				CLANG_WARN_BOOL_CONVERSION = YES;
				CLANG_WARN_CONSTANT_CONVERSION = YES;
				CLANG_WARN_DIRECT_OBJC_ISA_USAGE = YES_ERROR;
				CLANG_WARN_EMPTY_BODY = YES;
				CLANG_WARN_ENUM_CONVERSION = YES;
				CLANG_WARN_INT_CONVERSION = YES;
				CLANG_WARN_OBJC_ROOT_CLASS = YES_ERROR;
				CLANG_WARN_UNREACHABLE_CODE = YES;
				CLANG_WARN__DUPLICATE_METHOD_MATCH = YES;
				"CODE_SIGN_IDENTITY[sdk=iphoneos*]" = "iPhone Developer";
				COPY_PHASE_STRIP = NO;
				DEBUG_INFORMATION_FORMAT = "dwarf-with-dsym";
				ENABLE_NS_ASSERTIONS = NO;
				ENABLE_STRICT_OBJC_MSGSEND = YES;
				GCC_C_LANGUAGE_STANDARD = gnu99;
				GCC_NO_COMMON_BLOCKS = YES;
				GCC_WARN_64_TO_32_BIT_CONVERSION = YES;
				GCC_WARN_ABOUT_RETURN_TYPE = YES_ERROR;
				GCC_WARN_UNDECLARED_SELECTOR = YES;
				GCC_WARN_UNINITIALIZED_AUTOS = YES_AGGRESSIVE;
				GCC_WARN_UNUSED_FUNCTION = YES;
				GCC_WARN_UNUSED_VARIABLE = YES;
				IPHONEOS_DEPLOYMENT_TARGET = 9.3;
				MTL_ENABLE_DEBUG_INFO = NO;
				SDKROOT = iphoneos;
				VALIDATE_PRODUCT = YES;
			};
			name = Release;
		};
		89B5BE641CD35DB9001941B2 /* Debug */ = {
			isa = XCBuildConfiguration;
			buildSettings = {
				ASSETCATALOG_COMPILER_APPICON_NAME = AppIcon;
				GCC_PREFIX_HEADER = "$(SRCROOT)/Example/LLJ.pch";
				INFOPLIST_FILE = Example/Info.plist;
				LD_RUNPATH_SEARCH_PATHS = "$(inherited) @executable_path/Frameworks";
				PRODUCT_BUNDLE_IDENTIFIER = com.JKSoft.Example;
				PRODUCT_NAME = "$(TARGET_NAME)";
			};
			name = Debug;
		};
		89B5BE651CD35DB9001941B2 /* Release */ = {
			isa = XCBuildConfiguration;
			buildSettings = {
				ASSETCATALOG_COMPILER_APPICON_NAME = AppIcon;
				GCC_PREFIX_HEADER = "$(SRCROOT)/Example/LLJ.pch";
				INFOPLIST_FILE = Example/Info.plist;
				LD_RUNPATH_SEARCH_PATHS = "$(inherited) @executable_path/Frameworks";
				PRODUCT_BUNDLE_IDENTIFIER = com.JKSoft.Example;
				PRODUCT_NAME = "$(TARGET_NAME)";
			};
			name = Release;
		};
		89B5BE671CD35DB9001941B2 /* Debug */ = {
			isa = XCBuildConfiguration;
			buildSettings = {
				BUNDLE_LOADER = "$(TEST_HOST)";
				INFOPLIST_FILE = ExampleTests/Info.plist;
				LD_RUNPATH_SEARCH_PATHS = "$(inherited) @executable_path/Frameworks @loader_path/Frameworks";
				PRODUCT_BUNDLE_IDENTIFIER = com.JKSoft.ExampleTests;
				PRODUCT_NAME = "$(TARGET_NAME)";
				TEST_HOST = "$(BUILT_PRODUCTS_DIR)/Example.app/Example";
			};
			name = Debug;
		};
		89B5BE681CD35DB9001941B2 /* Release */ = {
			isa = XCBuildConfiguration;
			buildSettings = {
				BUNDLE_LOADER = "$(TEST_HOST)";
				INFOPLIST_FILE = ExampleTests/Info.plist;
				LD_RUNPATH_SEARCH_PATHS = "$(inherited) @executable_path/Frameworks @loader_path/Frameworks";
				PRODUCT_BUNDLE_IDENTIFIER = com.JKSoft.ExampleTests;
				PRODUCT_NAME = "$(TARGET_NAME)";
				TEST_HOST = "$(BUILT_PRODUCTS_DIR)/Example.app/Example";
			};
			name = Release;
		};
		89B5BE6A1CD35DB9001941B2 /* Debug */ = {
			isa = XCBuildConfiguration;
			buildSettings = {
				INFOPLIST_FILE = ExampleUITests/Info.plist;
				LD_RUNPATH_SEARCH_PATHS = "$(inherited) @executable_path/Frameworks @loader_path/Frameworks";
				PRODUCT_BUNDLE_IDENTIFIER = com.JKSoft.ExampleUITests;
				PRODUCT_NAME = "$(TARGET_NAME)";
				TEST_TARGET_NAME = Example;
			};
			name = Debug;
		};
		89B5BE6B1CD35DB9001941B2 /* Release */ = {
			isa = XCBuildConfiguration;
			buildSettings = {
				INFOPLIST_FILE = ExampleUITests/Info.plist;
				LD_RUNPATH_SEARCH_PATHS = "$(inherited) @executable_path/Frameworks @loader_path/Frameworks";
				PRODUCT_BUNDLE_IDENTIFIER = com.JKSoft.ExampleUITests;
				PRODUCT_NAME = "$(TARGET_NAME)";
				TEST_TARGET_NAME = Example;
			};
			name = Release;
		};
/* End XCBuildConfiguration section */

/* Begin XCConfigurationList section */
		89B5BE311CD35DB9001941B2 /* Build configuration list for PBXProject "Example" */ = {
			isa = XCConfigurationList;
			buildConfigurations = (
				89B5BE611CD35DB9001941B2 /* Debug */,
				89B5BE621CD35DB9001941B2 /* Release */,
			);
			defaultConfigurationIsVisible = 0;
			defaultConfigurationName = Release;
		};
		89B5BE631CD35DB9001941B2 /* Build configuration list for PBXNativeTarget "Example" */ = {
			isa = XCConfigurationList;
			buildConfigurations = (
				89B5BE641CD35DB9001941B2 /* Debug */,
				89B5BE651CD35DB9001941B2 /* Release */,
			);
			defaultConfigurationIsVisible = 0;
			defaultConfigurationName = Release;
		};
		89B5BE661CD35DB9001941B2 /* Build configuration list for PBXNativeTarget "ExampleTests" */ = {
			isa = XCConfigurationList;
			buildConfigurations = (
				89B5BE671CD35DB9001941B2 /* Debug */,
				89B5BE681CD35DB9001941B2 /* Release */,
			);
			defaultConfigurationIsVisible = 0;
			defaultConfigurationName = Release;
		};
		89B5BE691CD35DB9001941B2 /* Build configuration list for PBXNativeTarget "ExampleUITests" */ = {
			isa = XCConfigurationList;
			buildConfigurations = (
				89B5BE6A1CD35DB9001941B2 /* Debug */,
				89B5BE6B1CD35DB9001941B2 /* Release */,
			);
			defaultConfigurationIsVisible = 0;
			defaultConfigurationName = Release;
		};
/* End XCConfigurationList section */
	};
	rootObject = 89B5BE2E1CD35DB9001941B2 /* Project object */;
}
